{
  "version": "2",
  "remote": {
    "https://deno.land/std@0.170.0/_util/asserts.ts": "d0844e9b62510f89ce1f9878b046f6a57bf88f208a10304aab50efcb48365272",
    "https://deno.land/std@0.170.0/_util/os.ts": "8a33345f74990e627b9dfe2de9b040004b08ea5146c7c9e8fe9a29070d193934",
    "https://deno.land/std@0.170.0/path/_constants.ts": "df1db3ffa6dd6d1252cc9617e5d72165cd2483df90e93833e13580687b6083c3",
    "https://deno.land/std@0.170.0/path/_interface.ts": "ee3b431a336b80cf445441109d089b70d87d5e248f4f90ff906820889ecf8d09",
    "https://deno.land/std@0.170.0/path/_util.ts": "d16be2a16e1204b65f9d0dfc54a9bc472cafe5f4a190b3c8471ec2016ccd1677",
    "https://deno.land/std@0.170.0/path/common.ts": "bee563630abd2d97f99d83c96c2fa0cca7cee103e8cb4e7699ec4d5db7bd2633",
    "https://deno.land/std@0.170.0/path/glob.ts": "81cc6c72be002cd546c7a22d1f263f82f63f37fe0035d9726aa96fc8f6e4afa1",
    "https://deno.land/std@0.170.0/path/mod.ts": "cf7cec7ac11b7048bb66af8ae03513e66595c279c65cfa12bfc07d9599608b78",
    "https://deno.land/std@0.170.0/path/posix.ts": "b859684bc4d80edfd4cad0a82371b50c716330bed51143d6dcdbe59e6278b30c",
    "https://deno.land/std@0.170.0/path/separator.ts": "fe1816cb765a8068afb3e8f13ad272351c85cbc739af56dacfc7d93d710fe0f9",
    "https://deno.land/std@0.170.0/path/win32.ts": "7cebd2bda6657371adc00061a1d23fdd87bcdf64b4843bb148b0b24c11b40f69",
    "https://deno.land/x/case@2.1.1/camelCase.ts": "0808961e69e1883c6e94faf85e333196a464ceba46ddc76984d7b8ce9e26a43a",
    "https://deno.land/x/case@2.1.1/constantCase.ts": "e50eaa8a45cf68417902fda218f03a99e45e2a30f7fce2db325306c84e8c3f0a",
    "https://deno.land/x/case@2.1.1/dotCase.ts": "ef3977567057e6c2a4e1b5ca09ec34b9e0788c1a50246187c11f435a468be17e",
    "https://deno.land/x/case@2.1.1/headerCase.ts": "4440a251a196fb6d7090213c39e4c6c50ddecab90c14ec91495bee3563082d3c",
    "https://deno.land/x/case@2.1.1/lowerCase.ts": "86d5533f9587ed60003181591e40e648838c23f371edfa79d00288153d113b16",
    "https://deno.land/x/case@2.1.1/lowerFirstCase.ts": "74e8ebe10f3c54a9d8e81d21127a20fcfb34c446e9c49b2a335162babd652de9",
    "https://deno.land/x/case@2.1.1/mod.ts": "28b0b1329c7b18730799ac05627a433d9547c04b9bfb429116247c60edecd97b",
    "https://deno.land/x/case@2.1.1/normalCase.ts": "6a8b924da9ab0790d99233ae54bfcfc996d229cb91b2533639fe20972cc33dac",
    "https://deno.land/x/case@2.1.1/paramCase.ts": "cf3101c59fd4f16ee14fd09985adb7fa3dbfb194f102499986f7407995202394",
    "https://deno.land/x/case@2.1.1/pascalCase.ts": "f68936d584182c8f4b341238bd9c424b1a740bfba3ab2847234f57a4c205f1df",
    "https://deno.land/x/case@2.1.1/pathCase.ts": "76e5f437369f8981e17ecdb07870e1c9c8d2d0357f1bf3377e2b0eb132159ed8",
    "https://deno.land/x/case@2.1.1/sentenceCase.ts": "f3355985a6a41e088c8c9be80219e5e055a68ad9a987df084a57ee437a0871c5",
    "https://deno.land/x/case@2.1.1/snakeCase.ts": "ee2ab4e2c931d30bb79190d090c21eb5c00d1de1b7a9a3e7f33e035ae431333b",
    "https://deno.land/x/case@2.1.1/swapCase.ts": "d9b5ee5b8e1ee3d202cbce32a504dde976b9002ed94b4527054a004179905dbb",
    "https://deno.land/x/case@2.1.1/titleCase.ts": "36d3fc73df58712240a74b04d84191ac22dd2866bef3838b02157f8e46cb0ecb",
    "https://deno.land/x/case@2.1.1/types.ts": "8e2bd6edaa27c0d1972c0d5b76698564740f37b4d3787d58d1fb5f48de611e61",
    "https://deno.land/x/case@2.1.1/upperCase.ts": "e6a1a3dea30e17013aa212ec237b35e2dd5c5c0b1501778c07db66ff0bbe4372",
    "https://deno.land/x/case@2.1.1/upperFirstCase.ts": "2b083db95744105a4f4accefe66dcd09390634514abf757fc580a7ebad58bf4f",
    "https://deno.land/x/case@2.1.1/vendor/camelCaseRegexp.ts": "7d9ff02aad4ab6429eeab7c7353f7bcdd6cc5909a8bd3dda97918c8bbb7621ae",
    "https://deno.land/x/case@2.1.1/vendor/camelCaseUpperRegexp.ts": "292de54a698370f90adcdf95727993d09888b7f33d17f72f8e54ba75f7791787",
    "https://deno.land/x/case@2.1.1/vendor/nonWordRegexp.ts": "c1a052629a694144b48c66b0175a22a83f4d61cb40f4e45293fc5d6b123f927e",
    "https://deno.land/x/libclang@1.0.0-beta.8/BuildSystem.ts": "02d72dd221396972e16cdbeaf6117a33ec5a4bfe1a134cb94c5a8aaaa5f7713e",
    "https://deno.land/x/libclang@1.0.0-beta.8/CXCompilationDatabase.ts": "16a82acf5de22d0220a9abeda2b23f78d7962b11975a00561a894ab56aafa127",
    "https://deno.land/x/libclang@1.0.0-beta.8/ffi.ts": "d3ca6faf774a2511afea3c686440fa6bf87cd0caa6bfc6a488854f539ad74a4d",
    "https://deno.land/x/libclang@1.0.0-beta.8/include/BuildSystem.h.ts": "ba26f2a01b55723e5eb985e3156e9b7d6894954a352bbcebad6992fe99f41ee5",
    "https://deno.land/x/libclang@1.0.0-beta.8/include/CXCompilationDatabase.h.ts": "6df6c832a0d4e0469f8c8b0aeecc9017097d0cd69a66383ae15ed0fff45e39f9",
    "https://deno.land/x/libclang@1.0.0-beta.8/include/CXDiagnostic.h.ts": "08cd0444ad9806f03a779731c4a026d9aaea0e22bb2a336a1b546f656619e426",
    "https://deno.land/x/libclang@1.0.0-beta.8/include/CXFile.h.ts": "b86b4aa735bf920ada5e79775ce5a31cd7786007fa5957713d92c7f18a5eec60",
    "https://deno.land/x/libclang@1.0.0-beta.8/include/CXSourceLocation.h.ts": "6e87d111e0ca8fee4050362723372459ebc01694ca4fed6aeb08fe8cc401fe9b",
    "https://deno.land/x/libclang@1.0.0-beta.8/include/CXString.h.ts": "9b2b83f418eff5565668200ffc2a0cbbd8d7090d0bbe1eb7b229633788aa7a3a",
    "https://deno.land/x/libclang@1.0.0-beta.8/include/Documentation.h.ts": "9fe0b0071ee01438cd5d52447e8a0d96bb8f8700b8b68bada3c0db3f001e9382",
    "https://deno.land/x/libclang@1.0.0-beta.8/include/FatalErrorHandler.h.ts": "094dc535116bc2d1eb83fdc52c00c93fceea5a1c011fbd2446f921bcb611cf34",
    "https://deno.land/x/libclang@1.0.0-beta.8/include/Index.h.ts": "19317fac65e39a7b45f249d09c524e573b8de4fba058cb4fdee766e81acf435d",
    "https://deno.land/x/libclang@1.0.0-beta.8/include/Rewrite.h.ts": "f38028a4cef48200d26d9b5b16412919972e6e0b19518659b6a00cf8c9d0a2fe",
    "https://deno.land/x/libclang@1.0.0-beta.8/include/typeDefinitions.ts": "898122d7687c7237bbe53d7b47a941d1393cadbb63212fb4cb048d5dfaa8e9d8",
    "https://deno.land/x/libclang@1.0.0-beta.8/mod.ts": "937ca20a475ba6fc24c25f793176233dcefc64851cc72326e33055e63ebc8ae3",
    "https://deno.land/x/libclang@1.0.0-beta.8/utils.ts": "797d1686287966e61db8b83631ee005b0e9d88ac3906fcc56beda139ce5b56e8"
  }
}
